
Microsoft Visual Studio Solution File, Format Version 12.00
Project("{FAE04EC0-301F-11D3-BF4B-00C04F79EFBC}") = "ParkanPlayground", "ParkanPlayground\ParkanPlayground.csproj", "{7DB19000-6F41-4BAE-A904-D34EFCA065E9}"
EndProject
Project("{FAE04EC0-301F-11D3-BF4B-00C04F79EFBC}") = "TextureDecoder", "TextureDecoder\TextureDecoder.csproj", "{15D1C9ED-1080-417D-A4D1-CFF80BE6A218}"
EndProject
Project("{FAE04EC0-301F-11D3-BF4B-00C04F79EFBC}") = "NLUnpacker", "NLUnpacker\NLUnpacker.csproj", "{50C83E6C-23ED-4A8E-B948-89686A742CF0}"
EndProject
Project("{FAE04EC0-301F-11D3-BF4B-00C04F79EFBC}") = "NResUI", "NResUI\NResUI.csproj", "{7456A089-0701-416C-8668-1F740BF4B72C}"
EndProject
Project("{FAE04EC0-301F-11D3-BF4B-00C04F79EFBC}") = "NResLib", "NResLib\NResLib.csproj", "{9429AEAE-80A6-4EE7-AB66-9161CC4C3A3D}"
EndProject
Project("{FAE04EC0-301F-11D3-BF4B-00C04F79EFBC}") = "MeshUnpacker", "MeshUnpacker\MeshUnpacker.csproj", "{F1465FFE-0D66-4A3C-90D7-153A14E226E6}"
EndProject
Project("{FAE04EC0-301F-11D3-BF4B-00C04F79EFBC}") = "TexmLib", "TexmLib\TexmLib.csproj", "{40097CB1-B4B8-4D3E-A874-7D46F5C81DB3}"
EndProject
Project("{FAE04EC0-301F-11D3-BF4B-00C04F79EFBC}") = "MissionDataUnpacker", "MissionDataUnpacker\MissionDataUnpacker.csproj", "{7BF5C860-9194-4AF2-B5DA-216F98B03DBE}"
EndProject
Global
	GlobalSection(SolutionConfigurationPlatforms) = preSolution
		Debug|Any CPU = Debug|Any CPU
		Release|Any CPU = Release|Any CPU
	EndGlobalSection
	GlobalSection(ProjectConfigurationPlatforms) = postSolution
		{7DB19000-6F41-4BAE-A904-D34EFCA065E9}.Debug|Any CPU.ActiveCfg = Debug|Any CPU
		{7DB19000-6F41-4BAE-A904-D34EFCA065E9}.Debug|Any CPU.Build.0 = Debug|Any CPU
		{7DB19000-6F41-4BAE-A904-D34EFCA065E9}.Release|Any CPU.ActiveCfg = Release|Any CPU
		{7DB19000-6F41-4BAE-A904-D34EFCA065E9}.Release|Any CPU.Build.0 = Release|Any CPU
		{15D1C9ED-1080-417D-A4D1-CFF80BE6A218}.Debug|Any CPU.ActiveCfg = Debug|Any CPU
		{15D1C9ED-1080-417D-A4D1-CFF80BE6A218}.Debug|Any CPU.Build.0 = Debug|Any CPU
		{15D1C9ED-1080-417D-A4D1-CFF80BE6A218}.Release|Any CPU.ActiveCfg = Release|Any CPU
		{15D1C9ED-1080-417D-A4D1-CFF80BE6A218}.Release|Any CPU.Build.0 = Release|Any CPU
		{50C83E6C-23ED-4A8E-B948-89686A742CF0}.Debug|Any CPU.ActiveCfg = Debug|Any CPU
		{50C83E6C-23ED-4A8E-B948-89686A742CF0}.Debug|Any CPU.Build.0 = Debug|Any CPU
		{50C83E6C-23ED-4A8E-B948-89686A742CF0}.Release|Any CPU.ActiveCfg = Release|Any CPU
		{50C83E6C-23ED-4A8E-B948-89686A742CF0}.Release|Any CPU.Build.0 = Release|Any CPU
		{7456A089-0701-416C-8668-1F740BF4B72C}.Debug|Any CPU.ActiveCfg = Debug|Any CPU
		{7456A089-0701-416C-8668-1F740BF4B72C}.Debug|Any CPU.Build.0 = Debug|Any CPU
		{7456A089-0701-416C-8668-1F740BF4B72C}.Release|Any CPU.ActiveCfg = Release|Any CPU
		{7456A089-0701-416C-8668-1F740BF4B72C}.Release|Any CPU.Build.0 = Release|Any CPU
		{9429AEAE-80A6-4EE7-AB66-9161CC4C3A3D}.Debug|Any CPU.ActiveCfg = Debug|Any CPU
		{9429AEAE-80A6-4EE7-AB66-9161CC4C3A3D}.Debug|Any CPU.Build.0 = Debug|Any CPU
		{9429AEAE-80A6-4EE7-AB66-9161CC4C3A3D}.Release|Any CPU.ActiveCfg = Release|Any CPU
		{9429AEAE-80A6-4EE7-AB66-9161CC4C3A3D}.Release|Any CPU.Build.0 = Release|Any CPU
		{F1465FFE-0D66-4A3C-90D7-153A14E226E6}.Debug|Any CPU.ActiveCfg = Debug|Any CPU
		{F1465FFE-0D66-4A3C-90D7-153A14E226E6}.Debug|Any CPU.Build.0 = Debug|Any CPU
		{F1465FFE-0D66-4A3C-90D7-153A14E226E6}.Release|Any CPU.ActiveCfg = Release|Any CPU
		{F1465FFE-0D66-4A3C-90D7-153A14E226E6}.Release|Any CPU.Build.0 = Release|Any CPU
		{40097CB1-B4B8-4D3E-A874-7D46F5C81DB3}.Debug|Any CPU.ActiveCfg = Debug|Any CPU
		{40097CB1-B4B8-4D3E-A874-7D46F5C81DB3}.Debug|Any CPU.Build.0 = Debug|Any CPU
		{40097CB1-B4B8-4D3E-A874-7D46F5C81DB3}.Release|Any CPU.ActiveCfg = Release|Any CPU
		{40097CB1-B4B8-4D3E-A874-7D46F5C81DB3}.Release|Any CPU.Build.0 = Release|Any CPU
		{7BF5C860-9194-4AF2-B5DA-216F98B03DBE}.Debug|Any CPU.ActiveCfg = Debug|Any CPU
		{7BF5C860-9194-4AF2-B5DA-216F98B03DBE}.Debug|Any CPU.Build.0 = Debug|Any CPU
		{7BF5C860-9194-4AF2-B5DA-216F98B03DBE}.Release|Any CPU.ActiveCfg = Release|Any CPU
		{7BF5C860-9194-4AF2-B5DA-216F98B03DBE}.Release|Any CPU.Build.0 = Release|Any CPU
	EndGlobalSection
EndGlobal
